PODS:
  - JCNetworking_CCBFT (0.2.7)

DEPENDENCIES:
  - JCNetworking_CCBFT (from `../`)

EXTERNAL SOURCES:
  JCNetworking_CCBFT:
    :path: "../"

SPEC CHECKSUMS:
  JCNetworking_CCBFT: a432f5f252a1177ac1d308ebabe18956b02c57f1

PODFILE CHECKSUM: 920941a83e5aa998b1e51d062ab81a671ac32848

COCOAPODS: 1.10.0
